// !$*UTF8*$!
{
	archiveVersion = 1;
	classes = {
	};
	objectVersion = 56;
	objects = {

/* Begin PBXBuildFile section */
		3E244C172B7E4DE400193CA0 /* CancionApp.swift in Sources */ = {isa = PBXBuildFile; fileRef = 3E244C162B7E4DE400193CA0 /* CancionApp.swift */; };
		3E244C192B7E4DE400193CA0 /* ContentView.swift in Sources */ = {isa = PBXBuildFile; fileRef = 3E244C182B7E4DE400193CA0 /* ContentView.swift */; };
		3E244C1B2B7E4DE500193CA0 /* Assets.xcassets in Resources */ = {isa = PBXBuildFile; fileRef = 3E244C1A2B7E4DE500193CA0 /* Assets.xcassets */; };
		3E244C1E2B7E4DE500193CA0 /* Preview Assets.xcassets in Resources */ = {isa = PBXBuildFile; fileRef = 3E244C1D2B7E4DE500193CA0 /* Preview Assets.xcassets */; };
		3E244C252B7E4F4600193CA0 /* AuthView.swift in Sources */ = {isa = PBXBuildFile; fileRef = 3E244C242B7E4F4600193CA0 /* AuthView.swift */; };
		3E244C272B7E557E00193CA0 /* AuthService.swift in Sources */ = {isa = PBXBuildFile; fileRef = 3E244C262B7E557E00193CA0 /* AuthService.swift */; };
		3E244C292B7E579600193CA0 /* SongService.swift in Sources */ = {isa = PBXBuildFile; fileRef = 3E244C282B7E579600193CA0 /* SongService.swift */; };
		3E3802DE2B8E27EE00839017 /* PlaylistList.swift in Sources */ = {isa = PBXBuildFile; fileRef = 3E3802DD2B8E27EE00839017 /* PlaylistList.swift */; };
		3E3802E02B8E461200839017 /* CustomDivider.swift in Sources */ = {isa = PBXBuildFile; fileRef = 3E3802DF2B8E461200839017 /* CustomDivider.swift */; };
		3E3802E22B8E46ED00839017 /* SongListRow.swift in Sources */ = {isa = PBXBuildFile; fileRef = 3E3802E12B8E46ED00839017 /* SongListRow.swift */; };
		3E3802E42B8E470D00839017 /* Extras.swift in Sources */ = {isa = PBXBuildFile; fileRef = 3E3802E32B8E470D00839017 /* Extras.swift */; };
		3E3802E62B8E4B4800839017 /* PlaylistListRow.swift in Sources */ = {isa = PBXBuildFile; fileRef = 3E3802E52B8E4B4800839017 /* PlaylistListRow.swift */; };
		3E3802E92B8E4D8300839017 /* TabIcon.swift in Sources */ = {isa = PBXBuildFile; fileRef = 3E3802E82B8E4D8300839017 /* TabIcon.swift */; };
		3E3802EB2B8E550300839017 /* PlaylistView.swift in Sources */ = {isa = PBXBuildFile; fileRef = 3E3802EA2B8E550300839017 /* PlaylistView.swift */; };
		3E39238F2BA38E6E00BDF80C /* CancionTests.swift in Sources */ = {isa = PBXBuildFile; fileRef = 3E39238E2BA38E6E00BDF80C /* CancionTests.swift */; };
		3E3AE42F2B86372000FBDE10 /* LimitToStack.swift in Sources */ = {isa = PBXBuildFile; fileRef = 3E3AE42E2B86372000FBDE10 /* LimitToStack.swift */; };
		3E3AE4342B86703800FBDE10 /* SongFilterModel.swift in Sources */ = {isa = PBXBuildFile; fileRef = 3E3AE4332B86703800FBDE10 /* SongFilterModel.swift */; };
		3E3AE4372B86B33900FBDE10 /* PlaylistGeneratorViewModel.swift in Sources */ = {isa = PBXBuildFile; fileRef = 3E3AE4362B86B33900FBDE10 /* PlaylistGeneratorViewModel.swift */; };
		3E3AE43A2B86B48500FBDE10 /* SmartFilterStack.swift in Sources */ = {isa = PBXBuildFile; fileRef = 3E3AE4392B86B48500FBDE10 /* SmartFilterStack.swift */; };
		3E46EB462BBC474B00274BB4 /* DropdownViewModel.swift in Sources */ = {isa = PBXBuildFile; fileRef = 3E46EB452BBC474B00274BB4 /* DropdownViewModel.swift */; };
		3E46EB482BBC719600274BB4 /* DropdownTests.swift in Sources */ = {isa = PBXBuildFile; fileRef = 3E46EB472BBC719600274BB4 /* DropdownTests.swift */; };
		3E46EB4A2BBCB77500274BB4 /* PlaylistViewTests.swift in Sources */ = {isa = PBXBuildFile; fileRef = 3E46EB492BBCB77500274BB4 /* PlaylistViewTests.swift */; };
		3E4D14EC2B9200960095D733 /* Playlista.swift in Sources */ = {isa = PBXBuildFile; fileRef = 3E4D14EB2B9200960095D733 /* Playlista.swift */; };
		3E59B9412B9A226E00B8EC74 /* PlaylistViewModel.swift in Sources */ = {isa = PBXBuildFile; fileRef = 3E59B9402B9A226E00B8EC74 /* PlaylistViewModel.swift */; };
		3E5B3BE72BA1FB83005DF2A5 /* DatePickr.swift in Sources */ = {isa = PBXBuildFile; fileRef = 3E5B3BE62BA1FB83005DF2A5 /* DatePickr.swift */; };
		3E5D89202B920AAF00C9EEEB /* Filter.swift in Sources */ = {isa = PBXBuildFile; fileRef = 3E5D891F2B920AAF00C9EEEB /* Filter.swift */; };
		3E5E9A032BB45E750066E3ED /* Extensions.swift in Sources */ = {isa = PBXBuildFile; fileRef = 3E5E9A022BB45E750066E3ED /* Extensions.swift */; };
		3E5E9A052BB45E820066E3ED /* Enums.swift in Sources */ = {isa = PBXBuildFile; fileRef = 3E5E9A042BB45E820066E3ED /* Enums.swift */; };
		3E5E9A072BB45EE50066E3ED /* PlayerTests.swift in Sources */ = {isa = PBXBuildFile; fileRef = 3E5E9A062BB45EE50066E3ED /* PlayerTests.swift */; };
		3E6B174B2B94FF78004C7F9E /* PlayerView.swift in Sources */ = {isa = PBXBuildFile; fileRef = 3E6B174A2B94FF78004C7F9E /* PlayerView.swift */; };
		3E7B2E392B7FAA1500476A76 /* Home.swift in Sources */ = {isa = PBXBuildFile; fileRef = 3E7B2E382B7FAA1500476A76 /* Home.swift */; };
		3E8C017D2BAC7C8400B8E53A /* AuthorizationTests.swift in Sources */ = {isa = PBXBuildFile; fileRef = 3E8C017C2BAC7C8400B8E53A /* AuthorizationTests.swift */; };
		3E8C017F2BAC82D300B8E53A /* SongServiceTests.swift in Sources */ = {isa = PBXBuildFile; fileRef = 3E8C017E2BAC82D300B8E53A /* SongServiceTests.swift */; };
		3E8C01812BAC853200B8E53A /* PlaylistGeneratorTests.swift in Sources */ = {isa = PBXBuildFile; fileRef = 3E8C01802BAC853200B8E53A /* PlaylistGeneratorTests.swift */; };
		3E92F2E52B8D2D89007C4E1E /* HomeViewModel.swift in Sources */ = {isa = PBXBuildFile; fileRef = 3E92F2E42B8D2D89007C4E1E /* HomeViewModel.swift */; };
		3EA08C872B88175B0079BA18 /* SongListViewModel.swift in Sources */ = {isa = PBXBuildFile; fileRef = 3EA08C862B88175B0079BA18 /* SongListViewModel.swift */; };
		3EA333D32BA34036006C6646 /* SortDropdown.swift in Sources */ = {isa = PBXBuildFile; fileRef = 3EA333D22BA34036006C6646 /* SortDropdown.swift */; };
		3EA42AAB2B83CF6B00F0A4C0 /* SongList.swift in Sources */ = {isa = PBXBuildFile; fileRef = 3EA42AAA2B83CF6B00F0A4C0 /* SongList.swift */; };
		3EA42AAD2B83FB9500F0A4C0 /* Dropdown.swift in Sources */ = {isa = PBXBuildFile; fileRef = 3EA42AAC2B83FB9500F0A4C0 /* Dropdown.swift */; };
		3EB45AED2B8541A5006F4EDB /* PlaylistGenerator.swift in Sources */ = {isa = PBXBuildFile; fileRef = 3EB45AEC2B8541A5006F4EDB /* PlaylistGenerator.swift */; };
		3EB45AEF2B86241D006F4EDB /* FilterCheckbox.swift in Sources */ = {isa = PBXBuildFile; fileRef = 3EB45AEE2B86241D006F4EDB /* FilterCheckbox.swift */; };
		3EB45AF12B862980006F4EDB /* SmartFilterComponent.swift in Sources */ = {isa = PBXBuildFile; fileRef = 3EB45AF02B862980006F4EDB /* SmartFilterComponent.swift */; };
		3EC58C142BB7197100E77E71 /* EditPlaylistViewModel.swift in Sources */ = {isa = PBXBuildFile; fileRef = 3EC58C132BB7197100E77E71 /* EditPlaylistViewModel.swift */; };
		3ED8A9A22BBB01850059571E /* EditPlaylistTests.swift in Sources */ = {isa = PBXBuildFile; fileRef = 3ED8A9A12BBB01850059571E /* EditPlaylistTests.swift */; };
		3EE3FA672B9FA23600735A54 /* EditPlaylistView.swift in Sources */ = {isa = PBXBuildFile; fileRef = 3EE3FA662B9FA23600735A54 /* EditPlaylistView.swift */; };
/* End PBXBuildFile section */

/* Begin PBXContainerItemProxy section */
		3E3923902BA38E6E00BDF80C /* PBXContainerItemProxy */ = {
			isa = PBXContainerItemProxy;
			containerPortal = 3E244C0B2B7E4DE400193CA0 /* Project object */;
			proxyType = 1;
			remoteGlobalIDString = 3E244C122B7E4DE400193CA0;
			remoteInfo = Cancion;
		};
/* End PBXContainerItemProxy section */

/* Begin PBXFileReference section */
		3E244C132B7E4DE400193CA0 /* Cancion.app */ = {isa = PBXFileReference; explicitFileType = wrapper.application; includeInIndex = 0; path = Cancion.app; sourceTree = BUILT_PRODUCTS_DIR; };
		3E244C162B7E4DE400193CA0 /* CancionApp.swift */ = {isa = PBXFileReference; lastKnownFileType = sourcecode.swift; path = CancionApp.swift; sourceTree = "<group>"; };
		3E244C182B7E4DE400193CA0 /* ContentView.swift */ = {isa = PBXFileReference; lastKnownFileType = sourcecode.swift; path = ContentView.swift; sourceTree = "<group>"; };
		3E244C1A2B7E4DE500193CA0 /* Assets.xcassets */ = {isa = PBXFileReference; lastKnownFileType = folder.assetcatalog; path = Assets.xcassets; sourceTree = "<group>"; };
		3E244C1D2B7E4DE500193CA0 /* Preview Assets.xcassets */ = {isa = PBXFileReference; lastKnownFileType = folder.assetcatalog; path = "Preview Assets.xcassets"; sourceTree = "<group>"; };
		3E244C242B7E4F4600193CA0 /* AuthView.swift */ = {isa = PBXFileReference; lastKnownFileType = sourcecode.swift; path = AuthView.swift; sourceTree = "<group>"; };
		3E244C262B7E557E00193CA0 /* AuthService.swift */ = {isa = PBXFileReference; lastKnownFileType = sourcecode.swift; path = AuthService.swift; sourceTree = "<group>"; };
		3E244C282B7E579600193CA0 /* SongService.swift */ = {isa = PBXFileReference; lastKnownFileType = sourcecode.swift; path = SongService.swift; sourceTree = "<group>"; };
		3E3802DD2B8E27EE00839017 /* PlaylistList.swift */ = {isa = PBXFileReference; lastKnownFileType = sourcecode.swift; path = PlaylistList.swift; sourceTree = "<group>"; };
		3E3802DF2B8E461200839017 /* CustomDivider.swift */ = {isa = PBXFileReference; lastKnownFileType = sourcecode.swift; path = CustomDivider.swift; sourceTree = "<group>"; };
		3E3802E12B8E46ED00839017 /* SongListRow.swift */ = {isa = PBXFileReference; lastKnownFileType = sourcecode.swift; path = SongListRow.swift; sourceTree = "<group>"; };
		3E3802E32B8E470D00839017 /* Extras.swift */ = {isa = PBXFileReference; lastKnownFileType = sourcecode.swift; path = Extras.swift; sourceTree = "<group>"; };
		3E3802E52B8E4B4800839017 /* PlaylistListRow.swift */ = {isa = PBXFileReference; lastKnownFileType = sourcecode.swift; path = PlaylistListRow.swift; sourceTree = "<group>"; };
		3E3802E82B8E4D8300839017 /* TabIcon.swift */ = {isa = PBXFileReference; lastKnownFileType = sourcecode.swift; path = TabIcon.swift; sourceTree = "<group>"; };
		3E3802EA2B8E550300839017 /* PlaylistView.swift */ = {isa = PBXFileReference; lastKnownFileType = sourcecode.swift; path = PlaylistView.swift; sourceTree = "<group>"; };
		3E39238C2BA38E6E00BDF80C /* CancionTests.xctest */ = {isa = PBXFileReference; explicitFileType = wrapper.cfbundle; includeInIndex = 0; path = CancionTests.xctest; sourceTree = BUILT_PRODUCTS_DIR; };
		3E39238E2BA38E6E00BDF80C /* CancionTests.swift */ = {isa = PBXFileReference; lastKnownFileType = sourcecode.swift; path = CancionTests.swift; sourceTree = "<group>"; };
		3E3AE42E2B86372000FBDE10 /* LimitToStack.swift */ = {isa = PBXFileReference; lastKnownFileType = sourcecode.swift; path = LimitToStack.swift; sourceTree = "<group>"; };
		3E3AE4332B86703800FBDE10 /* SongFilterModel.swift */ = {isa = PBXFileReference; lastKnownFileType = sourcecode.swift; path = SongFilterModel.swift; sourceTree = "<group>"; };
		3E3AE4362B86B33900FBDE10 /* PlaylistGeneratorViewModel.swift */ = {isa = PBXFileReference; lastKnownFileType = sourcecode.swift; path = PlaylistGeneratorViewModel.swift; sourceTree = "<group>"; };
		3E3AE4392B86B48500FBDE10 /* SmartFilterStack.swift */ = {isa = PBXFileReference; lastKnownFileType = sourcecode.swift; path = SmartFilterStack.swift; sourceTree = "<group>"; };
		3E46EB452BBC474B00274BB4 /* DropdownViewModel.swift */ = {isa = PBXFileReference; lastKnownFileType = sourcecode.swift; path = DropdownViewModel.swift; sourceTree = "<group>"; };
		3E46EB472BBC719600274BB4 /* DropdownTests.swift */ = {isa = PBXFileReference; lastKnownFileType = sourcecode.swift; path = DropdownTests.swift; sourceTree = "<group>"; };
		3E46EB492BBCB77500274BB4 /* PlaylistViewTests.swift */ = {isa = PBXFileReference; lastKnownFileType = sourcecode.swift; path = PlaylistViewTests.swift; sourceTree = "<group>"; };
		3E4D14EB2B9200960095D733 /* Playlista.swift */ = {isa = PBXFileReference; lastKnownFileType = sourcecode.swift; path = Playlista.swift; sourceTree = "<group>"; };
		3E59B9402B9A226E00B8EC74 /* PlaylistViewModel.swift */ = {isa = PBXFileReference; lastKnownFileType = sourcecode.swift; path = PlaylistViewModel.swift; sourceTree = "<group>"; };
		3E5B3BE62BA1FB83005DF2A5 /* DatePickr.swift */ = {isa = PBXFileReference; lastKnownFileType = sourcecode.swift; path = DatePickr.swift; sourceTree = "<group>"; };
		3E5D891F2B920AAF00C9EEEB /* Filter.swift */ = {isa = PBXFileReference; lastKnownFileType = sourcecode.swift; path = Filter.swift; sourceTree = "<group>"; };
		3E5E9A022BB45E750066E3ED /* Extensions.swift */ = {isa = PBXFileReference; lastKnownFileType = sourcecode.swift; path = Extensions.swift; sourceTree = "<group>"; };
		3E5E9A042BB45E820066E3ED /* Enums.swift */ = {isa = PBXFileReference; lastKnownFileType = sourcecode.swift; path = Enums.swift; sourceTree = "<group>"; };
		3E5E9A062BB45EE50066E3ED /* PlayerTests.swift */ = {isa = PBXFileReference; lastKnownFileType = sourcecode.swift; path = PlayerTests.swift; sourceTree = "<group>"; };
		3E6B174A2B94FF78004C7F9E /* PlayerView.swift */ = {isa = PBXFileReference; lastKnownFileType = sourcecode.swift; path = PlayerView.swift; sourceTree = "<group>"; };
		3E7B2E382B7FAA1500476A76 /* Home.swift */ = {isa = PBXFileReference; lastKnownFileType = sourcecode.swift; path = Home.swift; sourceTree = "<group>"; };
		3E7D465E2B8C0615000849F1 /* Info.plist */ = {isa = PBXFileReference; lastKnownFileType = text.plist; path = Info.plist; sourceTree = "<group>"; };
		3E8C017C2BAC7C8400B8E53A /* AuthorizationTests.swift */ = {isa = PBXFileReference; lastKnownFileType = sourcecode.swift; path = AuthorizationTests.swift; sourceTree = "<group>"; };
		3E8C017E2BAC82D300B8E53A /* SongServiceTests.swift */ = {isa = PBXFileReference; lastKnownFileType = sourcecode.swift; path = SongServiceTests.swift; sourceTree = "<group>"; };
		3E8C01802BAC853200B8E53A /* PlaylistGeneratorTests.swift */ = {isa = PBXFileReference; lastKnownFileType = sourcecode.swift; path = PlaylistGeneratorTests.swift; sourceTree = "<group>"; };
		3E92F2E42B8D2D89007C4E1E /* HomeViewModel.swift */ = {isa = PBXFileReference; lastKnownFileType = sourcecode.swift; path = HomeViewModel.swift; sourceTree = "<group>"; };
		3EA08C862B88175B0079BA18 /* SongListViewModel.swift */ = {isa = PBXFileReference; lastKnownFileType = sourcecode.swift; path = SongListViewModel.swift; sourceTree = "<group>"; };
		3EA333D22BA34036006C6646 /* SortDropdown.swift */ = {isa = PBXFileReference; lastKnownFileType = sourcecode.swift; path = SortDropdown.swift; sourceTree = "<group>"; };
		3EA42AAA2B83CF6B00F0A4C0 /* SongList.swift */ = {isa = PBXFileReference; lastKnownFileType = sourcecode.swift; path = SongList.swift; sourceTree = "<group>"; };
		3EA42AAC2B83FB9500F0A4C0 /* Dropdown.swift */ = {isa = PBXFileReference; lastKnownFileType = sourcecode.swift; path = Dropdown.swift; sourceTree = "<group>"; };
		3EB45AEC2B8541A5006F4EDB /* PlaylistGenerator.swift */ = {isa = PBXFileReference; lastKnownFileType = sourcecode.swift; path = PlaylistGenerator.swift; sourceTree = "<group>"; };
		3EB45AEE2B86241D006F4EDB /* FilterCheckbox.swift */ = {isa = PBXFileReference; lastKnownFileType = sourcecode.swift; path = FilterCheckbox.swift; sourceTree = "<group>"; };
		3EB45AF02B862980006F4EDB /* SmartFilterComponent.swift */ = {isa = PBXFileReference; lastKnownFileType = sourcecode.swift; path = SmartFilterComponent.swift; sourceTree = "<group>"; };
		3EC58C132BB7197100E77E71 /* EditPlaylistViewModel.swift */ = {isa = PBXFileReference; lastKnownFileType = sourcecode.swift; path = EditPlaylistViewModel.swift; sourceTree = "<group>"; };
		3ED8A9A12BBB01850059571E /* EditPlaylistTests.swift */ = {isa = PBXFileReference; lastKnownFileType = sourcecode.swift; path = EditPlaylistTests.swift; sourceTree = "<group>"; };
		3EE3FA662B9FA23600735A54 /* EditPlaylistView.swift */ = {isa = PBXFileReference; lastKnownFileType = sourcecode.swift; path = EditPlaylistView.swift; sourceTree = "<group>"; };
/* End PBXFileReference section */

/* Begin PBXFrameworksBuildPhase section */
		3E244C102B7E4DE400193CA0 /* Frameworks */ = {
			isa = PBXFrameworksBuildPhase;
			buildActionMask = 2147483647;
			files = (
			);
			runOnlyForDeploymentPostprocessing = 0;
		};
		3E3923892BA38E6E00BDF80C /* Frameworks */ = {
			isa = PBXFrameworksBuildPhase;
			buildActionMask = 2147483647;
			files = (
			);
			runOnlyForDeploymentPostprocessing = 0;
		};
/* End PBXFrameworksBuildPhase section */

/* Begin PBXGroup section */
		3E244C0A2B7E4DE400193CA0 = {
			isa = PBXGroup;
			children = (
				3E244C152B7E4DE400193CA0 /* Cancion */,
				3E39238D2BA38E6E00BDF80C /* CancionTests */,
				3E244C142B7E4DE400193CA0 /* Products */,
			);
			sourceTree = "<group>";
		};
		3E244C142B7E4DE400193CA0 /* Products */ = {
			isa = PBXGroup;
			children = (
				3E244C132B7E4DE400193CA0 /* Cancion.app */,
				3E39238C2BA38E6E00BDF80C /* CancionTests.xctest */,
			);
			name = Products;
			sourceTree = "<group>";
		};
		3E244C152B7E4DE400193CA0 /* Cancion */ = {
			isa = PBXGroup;
			children = (
				3E244C162B7E4DE400193CA0 /* CancionApp.swift */,
				3E3AE4382B86B42300FBDE10 /* Models */,
				3E3AE4352B86B33000FBDE10 /* ViewModels */,
				3E244C302B7EC27E00193CA0 /* Views */,
				3E244C322B7EC28D00193CA0 /* Components */,
				3E244C312B7EC28400193CA0 /* Services */,
				3E5E9A012BB45D680066E3ED /* Helpers */,
				3E7D465E2B8C0615000849F1 /* Info.plist */,
				3E244C1A2B7E4DE500193CA0 /* Assets.xcassets */,
				3E244C1C2B7E4DE500193CA0 /* Preview Content */,
			);
			path = Cancion;
			sourceTree = "<group>";
		};
		3E244C1C2B7E4DE500193CA0 /* Preview Content */ = {
			isa = PBXGroup;
			children = (
				3E244C1D2B7E4DE500193CA0 /* Preview Assets.xcassets */,
			);
			path = "Preview Content";
			sourceTree = "<group>";
		};
		3E244C302B7EC27E00193CA0 /* Views */ = {
			isa = PBXGroup;
			children = (
				3E244C242B7E4F4600193CA0 /* AuthView.swift */,
				3E244C182B7E4DE400193CA0 /* ContentView.swift */,
				3E7B2E382B7FAA1500476A76 /* Home.swift */,
				3EA42AAA2B83CF6B00F0A4C0 /* SongList.swift */,
				3E6B174A2B94FF78004C7F9E /* PlayerView.swift */,
				3E3802E72B8E4B7900839017 /* Playlist */,
			);
			path = Views;
			sourceTree = "<group>";
		};
		3E244C312B7EC28400193CA0 /* Services */ = {
			isa = PBXGroup;
			children = (
				3E244C282B7E579600193CA0 /* SongService.swift */,
				3E244C262B7E557E00193CA0 /* AuthService.swift */,
			);
			path = Services;
			sourceTree = "<group>";
		};
		3E244C322B7EC28D00193CA0 /* Components */ = {
			isa = PBXGroup;
			children = (
				3EA42AAC2B83FB9500F0A4C0 /* Dropdown.swift */,
				3EA333D22BA34036006C6646 /* SortDropdown.swift */,
				3E3AE4392B86B48500FBDE10 /* SmartFilterStack.swift */,
				3E5B3BE62BA1FB83005DF2A5 /* DatePickr.swift */,
				3E3AE4302B86489F00FBDE10 /* Playlist Generator */,
				3E3802DF2B8E461200839017 /* CustomDivider.swift */,
				3E3802E12B8E46ED00839017 /* SongListRow.swift */,
				3E3802E52B8E4B4800839017 /* PlaylistListRow.swift */,
				3E3802E82B8E4D8300839017 /* TabIcon.swift */,
			);
			path = Components;
			sourceTree = "<group>";
		};
		3E3802E72B8E4B7900839017 /* Playlist */ = {
			isa = PBXGroup;
			children = (
				3EB45AEC2B8541A5006F4EDB /* PlaylistGenerator.swift */,
				3E3802DD2B8E27EE00839017 /* PlaylistList.swift */,
				3E3802EA2B8E550300839017 /* PlaylistView.swift */,
				3EE3FA662B9FA23600735A54 /* EditPlaylistView.swift */,
			);
			path = Playlist;
			sourceTree = "<group>";
		};
		3E39238D2BA38E6E00BDF80C /* CancionTests */ = {
			isa = PBXGroup;
			children = (
				3E39238E2BA38E6E00BDF80C /* CancionTests.swift */,
				3E8C017C2BAC7C8400B8E53A /* AuthorizationTests.swift */,
				3E8C017E2BAC82D300B8E53A /* SongServiceTests.swift */,
				3E8C01802BAC853200B8E53A /* PlaylistGeneratorTests.swift */,
				3E5E9A062BB45EE50066E3ED /* PlayerTests.swift */,
				3ED8A9A12BBB01850059571E /* EditPlaylistTests.swift */,
				3E46EB472BBC719600274BB4 /* DropdownTests.swift */,
				3E46EB492BBCB77500274BB4 /* PlaylistViewTests.swift */,
			);
			path = CancionTests;
			sourceTree = "<group>";
		};
		3E3AE4302B86489F00FBDE10 /* Playlist Generator */ = {
			isa = PBXGroup;
			children = (
				3EB45AEE2B86241D006F4EDB /* FilterCheckbox.swift */,
				3EB45AF02B862980006F4EDB /* SmartFilterComponent.swift */,
				3E3AE42E2B86372000FBDE10 /* LimitToStack.swift */,
			);
			path = "Playlist Generator";
			sourceTree = "<group>";
		};
		3E3AE4352B86B33000FBDE10 /* ViewModels */ = {
			isa = PBXGroup;
			children = (
				3E92F2E42B8D2D89007C4E1E /* HomeViewModel.swift */,
				3EA08C862B88175B0079BA18 /* SongListViewModel.swift */,
				3E3AE4362B86B33900FBDE10 /* PlaylistGeneratorViewModel.swift */,
				3E59B9402B9A226E00B8EC74 /* PlaylistViewModel.swift */,
				3EC58C132BB7197100E77E71 /* EditPlaylistViewModel.swift */,
				3E46EB452BBC474B00274BB4 /* DropdownViewModel.swift */,
			);
			name = ViewModels;
			sourceTree = "<group>";
		};
		3E3AE4382B86B42300FBDE10 /* Models */ = {
			isa = PBXGroup;
			children = (
				3E3AE4332B86703800FBDE10 /* SongFilterModel.swift */,
				3E4D14EB2B9200960095D733 /* Playlista.swift */,
				3E5D891F2B920AAF00C9EEEB /* Filter.swift */,
			);
			path = Models;
			sourceTree = "<group>";
		};
		3E5E9A012BB45D680066E3ED /* Helpers */ = {
			isa = PBXGroup;
			children = (
				3E3802E32B8E470D00839017 /* Extras.swift */,
				3E5E9A022BB45E750066E3ED /* Extensions.swift */,
				3E5E9A042BB45E820066E3ED /* Enums.swift */,
			);
			path = Helpers;
			sourceTree = "<group>";
		};
/* End PBXGroup section */

/* Begin PBXNativeTarget section */
		3E244C122B7E4DE400193CA0 /* Cancion */ = {
			isa = PBXNativeTarget;
			buildConfigurationList = 3E244C212B7E4DE500193CA0 /* Build configuration list for PBXNativeTarget "Cancion" */;
			buildPhases = (
				3E244C0F2B7E4DE400193CA0 /* Sources */,
				3E244C102B7E4DE400193CA0 /* Frameworks */,
				3E244C112B7E4DE400193CA0 /* Resources */,
			);
			buildRules = (
			);
			dependencies = (
			);
			name = Cancion;
			productName = Cancion;
			productReference = 3E244C132B7E4DE400193CA0 /* Cancion.app */;
			productType = "com.apple.product-type.application";
		};
		3E39238B2BA38E6E00BDF80C /* CancionTests */ = {
			isa = PBXNativeTarget;
			buildConfigurationList = 3E3923922BA38E6E00BDF80C /* Build configuration list for PBXNativeTarget "CancionTests" */;
			buildPhases = (
				3E3923882BA38E6E00BDF80C /* Sources */,
				3E3923892BA38E6E00BDF80C /* Frameworks */,
				3E39238A2BA38E6E00BDF80C /* Resources */,
			);
			buildRules = (
			);
			dependencies = (
				3E3923912BA38E6E00BDF80C /* PBXTargetDependency */,
			);
			name = CancionTests;
			productName = CancionTests;
			productReference = 3E39238C2BA38E6E00BDF80C /* CancionTests.xctest */;
			productType = "com.apple.product-type.bundle.unit-test";
		};
/* End PBXNativeTarget section */

/* Begin PBXProject section */
		3E244C0B2B7E4DE400193CA0 /* Project object */ = {
			isa = PBXProject;
			attributes = {
				BuildIndependentTargetsInParallel = 1;
				LastSwiftUpdateCheck = 1530;
				LastUpgradeCheck = 1520;
				TargetAttributes = {
					3E244C122B7E4DE400193CA0 = {
						CreatedOnToolsVersion = 15.2;
					};
					3E39238B2BA38E6E00BDF80C = {
						CreatedOnToolsVersion = 15.3;
						TestTargetID = 3E244C122B7E4DE400193CA0;
					};
				};
			};
			buildConfigurationList = 3E244C0E2B7E4DE400193CA0 /* Build configuration list for PBXProject "Cancion" */;
			compatibilityVersion = "Xcode 14.0";
			developmentRegion = en;
			hasScannedForEncodings = 0;
			knownRegions = (
				en,
				Base,
			);
			mainGroup = 3E244C0A2B7E4DE400193CA0;
			productRefGroup = 3E244C142B7E4DE400193CA0 /* Products */;
			projectDirPath = "";
			projectRoot = "";
			targets = (
				3E244C122B7E4DE400193CA0 /* Cancion */,
				3E39238B2BA38E6E00BDF80C /* CancionTests */,
			);
		};
/* End PBXProject section */

/* Begin PBXResourcesBuildPhase section */
		3E244C112B7E4DE400193CA0 /* Resources */ = {
			isa = PBXResourcesBuildPhase;
			buildActionMask = 2147483647;
			files = (
				3E244C1E2B7E4DE500193CA0 /* Preview Assets.xcassets in Resources */,
				3E244C1B2B7E4DE500193CA0 /* Assets.xcassets in Resources */,
			);
			runOnlyForDeploymentPostprocessing = 0;
		};
		3E39238A2BA38E6E00BDF80C /* Resources */ = {
			isa = PBXResourcesBuildPhase;
			buildActionMask = 2147483647;
			files = (
			);
			runOnlyForDeploymentPostprocessing = 0;
		};
/* End PBXResourcesBuildPhase section */

/* Begin PBXSourcesBuildPhase section */
		3E244C0F2B7E4DE400193CA0 /* Sources */ = {
			isa = PBXSourcesBuildPhase;
			buildActionMask = 2147483647;
			files = (
				3E3802E92B8E4D8300839017 /* TabIcon.swift in Sources */,
				3E3802E22B8E46ED00839017 /* SongListRow.swift in Sources */,
				3E244C292B7E579600193CA0 /* SongService.swift in Sources */,
				3E92F2E52B8D2D89007C4E1E /* HomeViewModel.swift in Sources */,
				3E3802DE2B8E27EE00839017 /* PlaylistList.swift in Sources */,
				3E3802E02B8E461200839017 /* CustomDivider.swift in Sources */,
				3E244C192B7E4DE400193CA0 /* ContentView.swift in Sources */,
				3E3AE4342B86703800FBDE10 /* SongFilterModel.swift in Sources */,
				3E3802EB2B8E550300839017 /* PlaylistView.swift in Sources */,
				3E244C172B7E4DE400193CA0 /* CancionApp.swift in Sources */,
				3E5E9A052BB45E820066E3ED /* Enums.swift in Sources */,
				3EA42AAB2B83CF6B00F0A4C0 /* SongList.swift in Sources */,
				3E3802E62B8E4B4800839017 /* PlaylistListRow.swift in Sources */,
				3E244C252B7E4F4600193CA0 /* AuthView.swift in Sources */,
				3EB45AED2B8541A5006F4EDB /* PlaylistGenerator.swift in Sources */,
				3EA08C872B88175B0079BA18 /* SongListViewModel.swift in Sources */,
				3E3AE43A2B86B48500FBDE10 /* SmartFilterStack.swift in Sources */,
				3E4D14EC2B9200960095D733 /* Playlista.swift in Sources */,
				3EB45AEF2B86241D006F4EDB /* FilterCheckbox.swift in Sources */,
				3E6B174B2B94FF78004C7F9E /* PlayerView.swift in Sources */,
				3E3802E42B8E470D00839017 /* Extras.swift in Sources */,
				3E5D89202B920AAF00C9EEEB /* Filter.swift in Sources */,
				3E7B2E392B7FAA1500476A76 /* Home.swift in Sources */,
				3EA42AAD2B83FB9500F0A4C0 /* Dropdown.swift in Sources */,
				3E46EB462BBC474B00274BB4 /* DropdownViewModel.swift in Sources */,
				3EC58C142BB7197100E77E71 /* EditPlaylistViewModel.swift in Sources */,
				3E3AE4372B86B33900FBDE10 /* PlaylistGeneratorViewModel.swift in Sources */,
				3E59B9412B9A226E00B8EC74 /* PlaylistViewModel.swift in Sources */,
				3EE3FA672B9FA23600735A54 /* EditPlaylistView.swift in Sources */,
				3E244C272B7E557E00193CA0 /* AuthService.swift in Sources */,
				3E5E9A032BB45E750066E3ED /* Extensions.swift in Sources */,
				3EB45AF12B862980006F4EDB /* SmartFilterComponent.swift in Sources */,
				3E3AE42F2B86372000FBDE10 /* LimitToStack.swift in Sources */,
				3EA333D32BA34036006C6646 /* SortDropdown.swift in Sources */,
				3E5B3BE72BA1FB83005DF2A5 /* DatePickr.swift in Sources */,
			);
			runOnlyForDeploymentPostprocessing = 0;
		};
		3E3923882BA38E6E00BDF80C /* Sources */ = {
			isa = PBXSourcesBuildPhase;
			buildActionMask = 2147483647;
			files = (
				3E46EB482BBC719600274BB4 /* DropdownTests.swift in Sources */,
				3E5E9A072BB45EE50066E3ED /* PlayerTests.swift in Sources */,
				3E46EB4A2BBCB77500274BB4 /* PlaylistViewTests.swift in Sources */,
				3E8C017F2BAC82D300B8E53A /* SongServiceTests.swift in Sources */,
				3E8C017D2BAC7C8400B8E53A /* AuthorizationTests.swift in Sources */,
				3E39238F2BA38E6E00BDF80C /* CancionTests.swift in Sources */,
				3E8C01812BAC853200B8E53A /* PlaylistGeneratorTests.swift in Sources */,
				3ED8A9A22BBB01850059571E /* EditPlaylistTests.swift in Sources */,
			);
			runOnlyForDeploymentPostprocessing = 0;
		};
/* End PBXSourcesBuildPhase section */

/* Begin PBXTargetDependency section */
		3E3923912BA38E6E00BDF80C /* PBXTargetDependency */ = {
			isa = PBXTargetDependency;
			target = 3E244C122B7E4DE400193CA0 /* Cancion */;
			targetProxy = 3E3923902BA38E6E00BDF80C /* PBXContainerItemProxy */;
		};
/* End PBXTargetDependency section */

/* Begin XCBuildConfiguration section */
		3E244C1F2B7E4DE500193CA0 /* Debug */ = {
			isa = XCBuildConfiguration;
			buildSettings = {
				ALWAYS_SEARCH_USER_PATHS = NO;
				ASSETCATALOG_COMPILER_GENERATE_SWIFT_ASSET_SYMBOL_EXTENSIONS = YES;
				CLANG_ANALYZER_NONNULL = YES;
				CLANG_ANALYZER_NUMBER_OBJECT_CONVERSION = YES_AGGRESSIVE;
				CLANG_CXX_LANGUAGE_STANDARD = "gnu++20";
				CLANG_ENABLE_MODULES = YES;
				CLANG_ENABLE_OBJC_ARC = YES;
				CLANG_ENABLE_OBJC_WEAK = YES;
				CLANG_WARN_BLOCK_CAPTURE_AUTORELEASING = YES;
				CLANG_WARN_BOOL_CONVERSION = YES;
				CLANG_WARN_COMMA = YES;
				CLANG_WARN_CONSTANT_CONVERSION = YES;
				CLANG_WARN_DEPRECATED_OBJC_IMPLEMENTATIONS = YES;
				CLANG_WARN_DIRECT_OBJC_ISA_USAGE = YES_ERROR;
				CLANG_WARN_DOCUMENTATION_COMMENTS = YES;
				CLANG_WARN_EMPTY_BODY = YES;
				CLANG_WARN_ENUM_CONVERSION = YES;
				CLANG_WARN_INFINITE_RECURSION = YES;
				CLANG_WARN_INT_CONVERSION = YES;
				CLANG_WARN_NON_LITERAL_NULL_CONVERSION = YES;
				CLANG_WARN_OBJC_IMPLICIT_RETAIN_SELF = YES;
				CLANG_WARN_OBJC_LITERAL_CONVERSION = YES;
				CLANG_WARN_OBJC_ROOT_CLASS = YES_ERROR;
				CLANG_WARN_QUOTED_INCLUDE_IN_FRAMEWORK_HEADER = YES;
				CLANG_WARN_RANGE_LOOP_ANALYSIS = YES;
				CLANG_WARN_STRICT_PROTOTYPES = YES;
				CLANG_WARN_SUSPICIOUS_MOVE = YES;
				CLANG_WARN_UNGUARDED_AVAILABILITY = YES_AGGRESSIVE;
				CLANG_WARN_UNREACHABLE_CODE = YES;
				CLANG_WARN__DUPLICATE_METHOD_MATCH = YES;
				COPY_PHASE_STRIP = NO;
				DEBUG_INFORMATION_FORMAT = dwarf;
				ENABLE_STRICT_OBJC_MSGSEND = YES;
				ENABLE_TESTABILITY = YES;
				ENABLE_USER_SCRIPT_SANDBOXING = YES;
				GCC_C_LANGUAGE_STANDARD = gnu17;
				GCC_DYNAMIC_NO_PIC = NO;
				GCC_NO_COMMON_BLOCKS = YES;
				GCC_OPTIMIZATION_LEVEL = 0;
				GCC_PREPROCESSOR_DEFINITIONS = (
					"DEBUG=1",
					"$(inherited)",
				);
				GCC_WARN_64_TO_32_BIT_CONVERSION = YES;
				GCC_WARN_ABOUT_RETURN_TYPE = YES_ERROR;
				GCC_WARN_UNDECLARED_SELECTOR = YES;
				GCC_WARN_UNINITIALIZED_AUTOS = YES_AGGRESSIVE;
				GCC_WARN_UNUSED_FUNCTION = YES;
				GCC_WARN_UNUSED_VARIABLE = YES;
				IPHONEOS_DEPLOYMENT_TARGET = 17.2;
				LOCALIZATION_PREFERS_STRING_CATALOGS = YES;
				MTL_ENABLE_DEBUG_INFO = INCLUDE_SOURCE;
				MTL_FAST_MATH = YES;
				ONLY_ACTIVE_ARCH = YES;
				SDKROOT = iphoneos;
				SWIFT_ACTIVE_COMPILATION_CONDITIONS = "DEBUG $(inherited)";
				SWIFT_OPTIMIZATION_LEVEL = "-Onone";
			};
			name = Debug;
		};
		3E244C202B7E4DE500193CA0 /* Release */ = {
			isa = XCBuildConfiguration;
			buildSettings = {
				ALWAYS_SEARCH_USER_PATHS = NO;
				ASSETCATALOG_COMPILER_GENERATE_SWIFT_ASSET_SYMBOL_EXTENSIONS = YES;
				CLANG_ANALYZER_NONNULL = YES;
				CLANG_ANALYZER_NUMBER_OBJECT_CONVERSION = YES_AGGRESSIVE;
				CLANG_CXX_LANGUAGE_STANDARD = "gnu++20";
				CLANG_ENABLE_MODULES = YES;
				CLANG_ENABLE_OBJC_ARC = YES;
				CLANG_ENABLE_OBJC_WEAK = YES;
				CLANG_WARN_BLOCK_CAPTURE_AUTORELEASING = YES;
				CLANG_WARN_BOOL_CONVERSION = YES;
				CLANG_WARN_COMMA = YES;
				CLANG_WARN_CONSTANT_CONVERSION = YES;
				CLANG_WARN_DEPRECATED_OBJC_IMPLEMENTATIONS = YES;
				CLANG_WARN_DIRECT_OBJC_ISA_USAGE = YES_ERROR;
				CLANG_WARN_DOCUMENTATION_COMMENTS = YES;
				CLANG_WARN_EMPTY_BODY = YES;
				CLANG_WARN_ENUM_CONVERSION = YES;
				CLANG_WARN_INFINITE_RECURSION = YES;
				CLANG_WARN_INT_CONVERSION = YES;
				CLANG_WARN_NON_LITERAL_NULL_CONVERSION = YES;
				CLANG_WARN_OBJC_IMPLICIT_RETAIN_SELF = YES;
				CLANG_WARN_OBJC_LITERAL_CONVERSION = YES;
				CLANG_WARN_OBJC_ROOT_CLASS = YES_ERROR;
				CLANG_WARN_QUOTED_INCLUDE_IN_FRAMEWORK_HEADER = YES;
				CLANG_WARN_RANGE_LOOP_ANALYSIS = YES;
				CLANG_WARN_STRICT_PROTOTYPES = YES;
				CLANG_WARN_SUSPICIOUS_MOVE = YES;
				CLANG_WARN_UNGUARDED_AVAILABILITY = YES_AGGRESSIVE;
				CLANG_WARN_UNREACHABLE_CODE = YES;
				CLANG_WARN__DUPLICATE_METHOD_MATCH = YES;
				COPY_PHASE_STRIP = NO;
				DEBUG_INFORMATION_FORMAT = "dwarf-with-dsym";
				ENABLE_NS_ASSERTIONS = NO;
				ENABLE_STRICT_OBJC_MSGSEND = YES;
				ENABLE_USER_SCRIPT_SANDBOXING = YES;
				GCC_C_LANGUAGE_STANDARD = gnu17;
				GCC_NO_COMMON_BLOCKS = YES;
				GCC_WARN_64_TO_32_BIT_CONVERSION = YES;
				GCC_WARN_ABOUT_RETURN_TYPE = YES_ERROR;
				GCC_WARN_UNDECLARED_SELECTOR = YES;
				GCC_WARN_UNINITIALIZED_AUTOS = YES_AGGRESSIVE;
				GCC_WARN_UNUSED_FUNCTION = YES;
				GCC_WARN_UNUSED_VARIABLE = YES;
				IPHONEOS_DEPLOYMENT_TARGET = 17.2;
				LOCALIZATION_PREFERS_STRING_CATALOGS = YES;
				MTL_ENABLE_DEBUG_INFO = NO;
				MTL_FAST_MATH = YES;
				SDKROOT = iphoneos;
				SWIFT_COMPILATION_MODE = wholemodule;
				VALIDATE_PRODUCT = YES;
			};
			name = Release;
		};
		3E244C222B7E4DE500193CA0 /* Debug */ = {
			isa = XCBuildConfiguration;
			buildSettings = {
				ASSETCATALOG_COMPILER_APPICON_NAME = AppIcon;
				ASSETCATALOG_COMPILER_GLOBAL_ACCENT_COLOR_NAME = AccentColor;
				CODE_SIGN_STYLE = Automatic;
				CURRENT_PROJECT_VERSION = 11;
				DEVELOPMENT_ASSET_PATHS = "\"Cancion/Preview Content\"";
				DEVELOPMENT_TEAM = G9RPYMS2PA;
				ENABLE_PREVIEWS = YES;
				GENERATE_INFOPLIST_FILE = YES;
				INFOPLIST_FILE = Cancion/Info.plist;
				INFOPLIST_KEY_LSApplicationCategoryType = "public.app-category.music";
				INFOPLIST_KEY_NSAppleMusicUsageDescription = "Cancion uses your music library to search for songs and albums.";
				INFOPLIST_KEY_UIApplicationSceneManifest_Generation = YES;
				INFOPLIST_KEY_UIApplicationSupportsIndirectInputEvents = YES;
				INFOPLIST_KEY_UILaunchScreen_Generation = YES;
				INFOPLIST_KEY_UISupportedInterfaceOrientations = UIInterfaceOrientationPortrait;
				INFOPLIST_KEY_UISupportedInterfaceOrientations_iPad = "UIInterfaceOrientationPortrait UIInterfaceOrientationPortraitUpsideDown";
				IPHONEOS_DEPLOYMENT_TARGET = 17.0;
				LD_RUNPATH_SEARCH_PATHS = (
					"$(inherited)",
					"@executable_path/Frameworks",
				);
				MARKETING_VERSION = 0.19;
				PRODUCT_BUNDLE_IDENTIFIER = com.devsmond.Cancion;
				PRODUCT_NAME = "$(TARGET_NAME)";
				SUPPORTED_PLATFORMS = "iphoneos iphonesimulator";
				SUPPORTS_MACCATALYST = NO;
				SUPPORTS_MAC_DESIGNED_FOR_IPHONE_IPAD = NO;
				SUPPORTS_XR_DESIGNED_FOR_IPHONE_IPAD = NO;
				SWIFT_EMIT_LOC_STRINGS = YES;
				SWIFT_VERSION = 5.0;
				TARGETED_DEVICE_FAMILY = "1,2";
			};
			name = Debug;
		};
		3E244C232B7E4DE500193CA0 /* Release */ = {
			isa = XCBuildConfiguration;
			buildSettings = {
				ASSETCATALOG_COMPILER_APPICON_NAME = AppIcon;
				ASSETCATALOG_COMPILER_GLOBAL_ACCENT_COLOR_NAME = AccentColor;
				CODE_SIGN_STYLE = Automatic;
				CURRENT_PROJECT_VERSION = 11;
				DEVELOPMENT_ASSET_PATHS = "\"Cancion/Preview Content\"";
				DEVELOPMENT_TEAM = G9RPYMS2PA;
				ENABLE_PREVIEWS = YES;
				GENERATE_INFOPLIST_FILE = YES;
				INFOPLIST_FILE = Cancion/Info.plist;
				INFOPLIST_KEY_LSApplicationCategoryType = "public.app-category.music";
				INFOPLIST_KEY_NSAppleMusicUsageDescription = "Cancion uses your music library to search for songs and albums.";
				INFOPLIST_KEY_UIApplicationSceneManifest_Generation = YES;
				INFOPLIST_KEY_UIApplicationSupportsIndirectInputEvents = YES;
				INFOPLIST_KEY_UILaunchScreen_Generation = YES;
				INFOPLIST_KEY_UISupportedInterfaceOrientations = UIInterfaceOrientationPortrait;
				INFOPLIST_KEY_UISupportedInterfaceOrientations_iPad = "UIInterfaceOrientationPortrait UIInterfaceOrientationPortraitUpsideDown";
				IPHONEOS_DEPLOYMENT_TARGET = 17.0;
				LD_RUNPATH_SEARCH_PATHS = (
					"$(inherited)",
					"@executable_path/Frameworks",
				);
				MARKETING_VERSION = 0.19;
				PRODUCT_BUNDLE_IDENTIFIER = com.devsmond.Cancion;
				PRODUCT_NAME = "$(TARGET_NAME)";
				SUPPORTED_PLATFORMS = "iphoneos iphonesimulator";
				SUPPORTS_MACCATALYST = NO;
				SUPPORTS_MAC_DESIGNED_FOR_IPHONE_IPAD = NO;
				SUPPORTS_XR_DESIGNED_FOR_IPHONE_IPAD = NO;
				SWIFT_EMIT_LOC_STRINGS = YES;
				SWIFT_VERSION = 5.0;
				TARGETED_DEVICE_FAMILY = "1,2";
			};
			name = Release;
		};
		3E3923932BA38E6E00BDF80C /* Debug */ = {
			isa = XCBuildConfiguration;
			buildSettings = {
				BUNDLE_LOADER = "$(TEST_HOST)";
				CODE_SIGN_STYLE = Automatic;
				CURRENT_PROJECT_VERSION = 1;
				DEVELOPMENT_TEAM = G9RPYMS2PA;
				GENERATE_INFOPLIST_FILE = YES;
				IPHONEOS_DEPLOYMENT_TARGET = 17.3;
				MARKETING_VERSION = 1.0;
				PRODUCT_BUNDLE_IDENTIFIER = com.devsmond.CancionTests;
				PRODUCT_NAME = "$(TARGET_NAME)";
				SUPPORTED_PLATFORMS = "iphoneos iphonesimulator";
				SUPPORTS_MACCATALYST = NO;
				SUPPORTS_MAC_DESIGNED_FOR_IPHONE_IPAD = NO;
				SUPPORTS_XR_DESIGNED_FOR_IPHONE_IPAD = NO;
				SWIFT_EMIT_LOC_STRINGS = NO;
				SWIFT_VERSION = 5.0;
				TARGETED_DEVICE_FAMILY = "1,2";
				TEST_HOST = "$(BUILT_PRODUCTS_DIR)/Cancion.app/$(BUNDLE_EXECUTABLE_FOLDER_PATH)/Cancion";
			};
			name = Debug;
		};
		3E3923942BA38E6E00BDF80C /* Release */ = {
			isa = XCBuildConfiguration;
			buildSettings = {
				BUNDLE_LOADER = "$(TEST_HOST)";
				CODE_SIGN_STYLE = Automatic;
				CURRENT_PROJECT_VERSION = 1;
				DEVELOPMENT_TEAM = G9RPYMS2PA;
				GENERATE_INFOPLIST_FILE = YES;
				IPHONEOS_DEPLOYMENT_TARGET = 17.3;
				MARKETING_VERSION = 1.0;
				PRODUCT_BUNDLE_IDENTIFIER = com.devsmond.CancionTests;
				PRODUCT_NAME = "$(TARGET_NAME)";
				SUPPORTED_PLATFORMS = "iphoneos iphonesimulator";
				SUPPORTS_MACCATALYST = NO;
				SUPPORTS_MAC_DESIGNED_FOR_IPHONE_IPAD = NO;
				SUPPORTS_XR_DESIGNED_FOR_IPHONE_IPAD = NO;
				SWIFT_EMIT_LOC_STRINGS = NO;
				SWIFT_VERSION = 5.0;
				TARGETED_DEVICE_FAMILY = "1,2";
				TEST_HOST = "$(BUILT_PRODUCTS_DIR)/Cancion.app/$(BUNDLE_EXECUTABLE_FOLDER_PATH)/Cancion";
			};
			name = Release;
		};
/* End XCBuildConfiguration section */

/* Begin XCConfigurationList section */
		3E244C0E2B7E4DE400193CA0 /* Build configuration list for PBXProject "Cancion" */ = {
			isa = XCConfigurationList;
			buildConfigurations = (
				3E244C1F2B7E4DE500193CA0 /* Debug */,
				3E244C202B7E4DE500193CA0 /* Release */,
			);
			defaultConfigurationIsVisible = 0;
			defaultConfigurationName = Release;
		};
		3E244C212B7E4DE500193CA0 /* Build configuration list for PBXNativeTarget "Cancion" */ = {
			isa = XCConfigurationList;
			buildConfigurations = (
				3E244C222B7E4DE500193CA0 /* Debug */,
				3E244C232B7E4DE500193CA0 /* Release */,
			);
			defaultConfigurationIsVisible = 0;
			defaultConfigurationName = Release;
		};
		3E3923922BA38E6E00BDF80C /* Build configuration list for PBXNativeTarget "CancionTests" */ = {
			isa = XCConfigurationList;
			buildConfigurations = (
				3E3923932BA38E6E00BDF80C /* Debug */,
				3E3923942BA38E6E00BDF80C /* Release */,
			);
			defaultConfigurationIsVisible = 0;
			defaultConfigurationName = Release;
		};
/* End XCConfigurationList section */
	};
	rootObject = 3E244C0B2B7E4DE400193CA0 /* Project object */;
}
